
Microsoft Visual Studio Solution File, Format Version 12.00
# Visual Studio 15
Project("{FAE04EC0-301F-11D3-BF4B-00C04F79EFBC}") = "Band.API", "Band.API\Band.API.csproj", "{631FEDAE-493F-4E19-BF93-614A606307FA}"
EndProject
Project("{E53339B2-1760-4266-BCC7-CA923CBCF16C}") = "docker-compose", "docker-compose.dcproj", "{550F3A05-15FB-4D5D-8DE7-C0F18019CF5F}"
EndProject
Global
	GlobalSection(SolutionConfigurationPlatforms) = preSolution
		Debug|Any CPU = Debug|Any CPU
		Release|Any CPU = Release|Any CPU
	EndGlobalSection
	GlobalSection(ProjectConfigurationPlatforms) = postSolution
		{631FEDAE-493F-4E19-BF93-614A606307FA}.Debug|Any CPU.ActiveCfg = Debug|Any CPU
		{631FEDAE-493F-4E19-BF93-614A606307FA}.Debug|Any CPU.Build.0 = Debug|Any CPU
		{631FEDAE-493F-4E19-BF93-614A606307FA}.Release|Any CPU.ActiveCfg = Release|Any CPU
		{631FEDAE-493F-4E19-BF93-614A606307FA}.Release|Any CPU.Build.0 = Release|Any CPU
		{550F3A05-15FB-4D5D-8DE7-C0F18019CF5F}.Debug|Any CPU.ActiveCfg = Debug|Any CPU
		{550F3A05-15FB-4D5D-8DE7-C0F18019CF5F}.Debug|Any CPU.Build.0 = Debug|Any CPU
		{550F3A05-15FB-4D5D-8DE7-C0F18019CF5F}.Release|Any CPU.ActiveCfg = Release|Any CPU
		{550F3A05-15FB-4D5D-8DE7-C0F18019CF5F}.Release|Any CPU.Build.0 = Release|Any CPU
	EndGlobalSection
EndGlobal
